<?xml version="1.0" encoding="utf-8"?>
<Project xmlns="http://schemas.microsoft.com/developer/msbuild/2003">
  <ItemGroup>
    <Filter Include="Form Files">
      <UniqueIdentifier>{99349809-55BA-4b9d-BF79-8FDBB0286EB3}</UniqueIdentifier>
      <Extensions>ui</Extensions>
      <ParseFiles>false</ParseFiles>
    </Filter>
    <Filter Include="Form Files">
      <UniqueIdentifier>{99349809-55BA-4b9d-BF79-8FDBB0286EB3}</UniqueIdentifier>
      <Extensions>ui</Extensions>
      <ParseFiles>false</ParseFiles>
    </Filter>
    <Filter Include="Generated Files">
      <UniqueIdentifier>{71ED8ED8-ACB9-4CE9-BBE1-E00B30144E11}</UniqueIdentifier>
      <Extensions>cpp;c;cxx;moc;h;def;odl;idl;res;</Extensions>
    </Filter>
    <Filter Include="Generated Files">
      <UniqueIdentifier>{71ED8ED8-ACB9-4CE9-BBE1-E00B30144E11}</UniqueIdentifier>
      <Extensions>cpp;c;cxx;moc;h;def;odl;idl;res;</Extensions>
    </Filter>
    <Filter Include="Header Files">
      <UniqueIdentifier>{93995380-89BD-4b04-88EB-625FBE52EBFB}</UniqueIdentifier>
      <Extensions>h;hpp;hxx;hm;inl;inc;xsd</Extensions>
    </Filter>
    <Filter Include="Header Files">
      <UniqueIdentifier>{93995380-89BD-4b04-88EB-625FBE52EBFB}</UniqueIdentifier>
      <Extensions>h;hpp;hxx;hm;inl;inc;xsd</Extensions>
    </Filter>
    <Filter Include="Resource Files">
      <UniqueIdentifier>{D9D6E242-F8AF-46E4-B9FD-80ECBC20BA3E}</UniqueIdentifier>
      <Extensions>qrc;*</Extensions>
      <ParseFiles>false</ParseFiles>
    </Filter>
    <Filter Include="Resource Files">
      <UniqueIdentifier>{D9D6E242-F8AF-46E4-B9FD-80ECBC20BA3E}</UniqueIdentifier>
      <Extensions>qrc;*</Extensions>
      <ParseFiles>false</ParseFiles>
    </Filter>
    <Filter Include="Source Files">
      <UniqueIdentifier>{4FC737F1-C7A5-4376-A066-2A32D752A2FF}</UniqueIdentifier>
      <Extensions>cpp;c;cxx;def;odl;idl;hpj;bat;asm;asmx</Extensions>
    </Filter>
    <Filter Include="Source Files">
      <UniqueIdentifier>{4FC737F1-C7A5-4376-A066-2A32D752A2FF}</UniqueIdentifier>
      <Extensions>cpp;c;cxx;def;odl;idl;hpj;bat;asm;asmx</Extensions>
    </Filter>
  </ItemGroup>
  <ItemGroup>
    <ClCompile Include="src\scene\bounds.cpp">
      <Filter>Source Files</Filter>
    </ClCompile>
    <ClCompile Include="src\scene\materials\bsdf.cpp">
      <Filter>Source Files</Filter>
    </ClCompile>
    <ClCompile Include="src\scene\bvh.cpp">
      <Filter>Source Files</Filter>
    </ClCompile>
    <ClCompile Include="src\scene\camera.cpp">
      <Filter>Source Files</Filter>
    </ClCompile>
    <ClCompile Include="src\cameracontrolshelp.cpp">
      <Filter>Source Files</Filter>
    </ClCompile>
    <ClCompile Include="src\scene\csg.cpp">
      <Filter>Source Files</Filter>
    </ClCompile>
    <ClCompile Include="src\scene\geometry\cube.cpp">
      <Filter>Source Files</Filter>
    </ClCompile>
    <ClCompile Include="src\scene\lights\diffusearealight.cpp">
      <Filter>Source Files</Filter>
    </ClCompile>
    <ClCompile Include="src\integrators\directlightingintegrator.cpp">
      <Filter>Source Files</Filter>
    </ClCompile>
    <ClCompile Include="src\scene\geometry\disc.cpp">
      <Filter>Source Files</Filter>
    </ClCompile>
    <ClCompile Include="src\openGL\drawable.cpp">
      <Filter>Source Files</Filter>
    </ClCompile>
    <ClCompile Include="src\scene\lights\environmentlight.cpp">
      <Filter>Source Files</Filter>
    </ClCompile>
    <ClCompile Include="src\raytracing\film.cpp">
      <Filter>Source Files</Filter>
    </ClCompile>
    <ClCompile Include="src\scene\materials\fresnel.cpp">
      <Filter>Source Files</Filter>
    </ClCompile>
    <ClCompile Include="src\integrators\fulllightingintegrator.cpp">
      <Filter>Source Files</Filter>
    </ClCompile>
    <ClCompile Include="src\scene\materials\glassmaterial.cpp">
      <Filter>Source Files</Filter>
    </ClCompile>
    <ClCompile Include="src\scene\geometry\glshapecreation.cpp">
      <Filter>Source Files</Filter>
    </ClCompile>
    <ClCompile Include="src\openGL\glwidget277.cpp">
      <Filter>Source Files</Filter>
    </ClCompile>
    <ClCompile Include="src\scene\homogenousmedium.cpp">
      <Filter>Source Files</Filter>
    </ClCompile>
    <ClCompile Include="src\scene\geometry\implicit.cpp">
      <Filter>Source Files</Filter>
    </ClCompile>
    <ClCompile Include="src\integrators\integrator.cpp">
      <Filter>Source Files</Filter>
    </ClCompile>
    <ClCompile Include="src\raytracing\intersection.cpp">
      <Filter>Source Files</Filter>
    </ClCompile>
    <ClCompile Include="src\scene\jsonreader.cpp">
      <Filter>Source Files</Filter>
    </ClCompile>
    <ClCompile Include="src\scene\kdtree.cpp">
      <Filter>Source Files</Filter>
    </ClCompile>
    <ClCompile Include="src\scene\materials\lambertbrdf.cpp">
      <Filter>Source Files</Filter>
    </ClCompile>
    <ClCompile Include="src\scene\lights\light.cpp">
      <Filter>Source Files</Filter>
    </ClCompile>
    <ClCompile Include="src\main.cpp">
      <Filter>Source Files</Filter>
    </ClCompile>
    <ClCompile Include="src\mainwindow.cpp">
      <Filter>Source Files</Filter>
    </ClCompile>
    <ClCompile Include="src\scene\materials\mattematerial.cpp">
      <Filter>Source Files</Filter>
    </ClCompile>
    <ClCompile Include="src\scene\medium.cpp">
      <Filter>Source Files</Filter>
    </ClCompile>
    <ClCompile Include="src\scene\geometry\mesh.cpp">
      <Filter>Source Files</Filter>
    </ClCompile>
    <ClCompile Include="src\scene\materials\microfacet.cpp">
      <Filter>Source Files</Filter>
    </ClCompile>
    <ClCompile Include="src\scene\materials\microfacetbrdf.cpp">
      <Filter>Source Files</Filter>
    </ClCompile>
    <ClCompile Include="src\scene\materials\microfacetbtdf.cpp">
      <Filter>Source Files</Filter>
    </ClCompile>
    <ClCompile Include="src\scene\materials\mirrormaterial.cpp">
      <Filter>Source Files</Filter>
    </ClCompile>
    <ClCompile Include="src\scene\materials\mirrormaterialtwo.cpp">
      <Filter>Source Files</Filter>
    </ClCompile>
    <ClCompile Include="src\mygl.cpp">
      <Filter>Source Files</Filter>
    </ClCompile>
    <ClCompile Include="src\integrators\naiveintegrator.cpp">
      <Filter>Source Files</Filter>
    </ClCompile>
    <ClCompile Include="src\noisefunctions.cpp">
      <Filter>Source Files</Filter>
    </ClCompile>
    <ClCompile Include="src\scene\materials\orennayar.cpp">
      <Filter>Source Files</Filter>
    </ClCompile>
    <ClCompile Include="src\integrators\photonmapping.cpp">
      <Filter>Source Files</Filter>
    </ClCompile>
    <ClCompile Include="src\scene\materials\plasticmaterial.cpp">
      <Filter>Source Files</Filter>
    </ClCompile>
    <ClCompile Include="src\scene\lights\pointlight.cpp">
      <Filter>Source Files</Filter>
    </ClCompile>
    <ClCompile Include="src\scene\geometry\primitive.cpp">
      <Filter>Source Files</Filter>
    </ClCompile>
    <ClCompile Include="src\raytracing\ray.cpp">
      <Filter>Source Files</Filter>
    </ClCompile>
    <ClCompile Include="src\samplers\sampler.cpp">
      <Filter>Source Files</Filter>
    </ClCompile>
    <ClCompile Include="src\scene\scene.cpp">
      <Filter>Source Files</Filter>
    </ClCompile>
    <ClCompile Include="src\openGL\shaderprogram.cpp">
      <Filter>Source Files</Filter>
    </ClCompile>
    <ClCompile Include="src\scene\geometry\shape.cpp">
      <Filter>Source Files</Filter>
    </ClCompile>
    <ClCompile Include="src\scene\materials\specularbrdf.cpp">
      <Filter>Source Files</Filter>
    </ClCompile>
    <ClCompile Include="src\scene\materials\specularbtdf.cpp">
      <Filter>Source Files</Filter>
    </ClCompile>
    <ClCompile Include="src\scene\geometry\sphere.cpp">
      <Filter>Source Files</Filter>
    </ClCompile>
    <ClCompile Include="src\scene\lights\spotlight.cpp">
      <Filter>Source Files</Filter>
    </ClCompile>
    <ClCompile Include="src\scene\geometry\squareplane.cpp">
      <Filter>Source Files</Filter>
    </ClCompile>
    <ClCompile Include="src\scene\materials\subsurface.cpp">
      <Filter>Source Files</Filter>
    </ClCompile>
    <ClCompile Include="src\tinyobj\tiny_obj_loader.cc">
      <Filter>Source Files</Filter>
    </ClCompile>
    <ClCompile Include="src\scene\transform.cpp">
      <Filter>Source Files</Filter>
    </ClCompile>
    <ClCompile Include="src\scene\materials\transmissivematerial.cpp">
      <Filter>Source Files</Filter>
    </ClCompile>
    <ClCompile Include="src\integrators\volumetricintegrator.cpp">
      <Filter>Source Files</Filter>
    </ClCompile>
    <ClCompile Include="src\warpfunctions.cpp">
      <Filter>Source Files</Filter>
    </ClCompile>
  </ItemGroup>
  <ItemGroup>
    <ClInclude Include="src\scene\bounds.h">
      <Filter>Header Files</Filter>
    </ClInclude>
    <ClInclude Include="src\scene\materials\bsdf.h">
      <Filter>Header Files</Filter>
    </ClInclude>
    <ClInclude Include="src\scene\bvh.h">
      <Filter>Header Files</Filter>
    </ClInclude>
    <ClInclude Include="src\scene\camera.h">
      <Filter>Header Files</Filter>
    </ClInclude>
    <QtMoc Include="src\cameracontrolshelp.h">
      <Filter>Header Files</Filter>
    </QtMoc>
    <ClInclude Include="src\scene\csg.h">
      <Filter>Header Files</Filter>
    </ClInclude>
    <ClInclude Include="src\scene\geometry\cube.h">
      <Filter>Header Files</Filter>
    </ClInclude>
    <ClInclude Include="src\scene\lights\diffusearealight.h">
      <Filter>Header Files</Filter>
    </ClInclude>
    <ClInclude Include="src\integrators\directlightingintegrator.h">
      <Filter>Header Files</Filter>
    </ClInclude>
    <ClInclude Include="src\scene\geometry\disc.h">
      <Filter>Header Files</Filter>
    </ClInclude>
    <ClInclude Include="D:\Development\pathtracer\pathtracer\src\drawable.h">
      <Filter>Header Files</Filter>
    </ClInclude>
    <ClInclude Include="src\openGL\drawable.h">
      <Filter>Header Files</Filter>
    </ClInclude>
    <ClInclude Include="src\scene\lights\environmentlight.h">
      <Filter>Header Files</Filter>
    </ClInclude>
    <ClInclude Include="src\raytracing\film.h">
      <Filter>Header Files</Filter>
    </ClInclude>
    <ClInclude Include="src\scene\materials\fresnel.h">
      <Filter>Header Files</Filter>
    </ClInclude>
    <ClInclude Include="src\integrators\fulllightingintegrator.h">
      <Filter>Header Files</Filter>
    </ClInclude>
    <ClInclude Include="src\scene\materials\glassmaterial.h">
      <Filter>Header Files</Filter>
    </ClInclude>
    <ClInclude Include="src\globals.h">
      <Filter>Header Files</Filter>
    </ClInclude>
    <QtMoc Include="src\openGL\glwidget277.h">
      <Filter>Header Files</Filter>
    </QtMoc>
    <ClInclude Include="src\scene\homogenousmedium.h">
      <Filter>Header Files</Filter>
    </ClInclude>
    <ClInclude Include="src\scene\geometry\implicit.h">
      <Filter>Header Files</Filter>
    </ClInclude>
    <ClInclude Include="src\integrators\integrator.h">
      <Filter>Header Files</Filter>
    </ClInclude>
    <ClInclude Include="src\raytracing\intersection.h">
      <Filter>Header Files</Filter>
    </ClInclude>
    <ClInclude Include="src\scene\jsonreader.h">
      <Filter>Header Files</Filter>
    </ClInclude>
    <ClInclude Include="src\scene\kdtree.h">
      <Filter>Header Files</Filter>
    </ClInclude>
    <ClInclude Include="src\la.h">
      <Filter>Header Files</Filter>
    </ClInclude>
    <ClInclude Include="src\scene\materials\lambertbrdf.h">
      <Filter>Header Files</Filter>
    </ClInclude>
    <ClInclude Include="src\scene\lights\light.h">
      <Filter>Header Files</Filter>
    </ClInclude>
    <QtMoc Include="src\mainwindow.h">
      <Filter>Header Files</Filter>
    </QtMoc>
    <ClInclude Include="src\scene\materials\material.h">
      <Filter>Header Files</Filter>
    </ClInclude>
    <ClInclude Include="src\scene\materials\mattematerial.h">
      <Filter>Header Files</Filter>
    </ClInclude>
    <ClInclude Include="src\scene\medium.h">
      <Filter>Header Files</Filter>
    </ClInclude>
    <ClInclude Include="src\scene\geometry\mesh.h">
      <Filter>Header Files</Filter>
    </ClInclude>
    <ClInclude Include="src\scene\materials\microfacet.h">
      <Filter>Header Files</Filter>
    </ClInclude>
    <ClInclude Include="src\scene\materials\microfacetbrdf.h">
      <Filter>Header Files</Filter>
    </ClInclude>
    <ClInclude Include="src\scene\materials\microfacetbtdf.h">
      <Filter>Header Files</Filter>
    </ClInclude>
    <ClInclude Include="src\scene\materials\mirrormaterial.h">
      <Filter>Header Files</Filter>
    </ClInclude>
    <ClInclude Include="src\scene\materials\mirrormaterialtwo.h">
      <Filter>Header Files</Filter>
    </ClInclude>
    <QtMoc Include="src\mygl.h">
      <Filter>Header Files</Filter>
    </QtMoc>
    <ClInclude Include="src\integrators\naiveintegrator.h">
      <Filter>Header Files</Filter>
    </ClInclude>
    <ClInclude Include="src\noisefunctions.h">
      <Filter>Header Files</Filter>
    </ClInclude>
    <ClInclude Include="src\scene\materials\orennayar.h">
      <Filter>Header Files</Filter>
    </ClInclude>
    <ClInclude Include="src\integrators\photonmapping.h">
      <Filter>Header Files</Filter>
    </ClInclude>
    <ClInclude Include="src\scene\materials\plasticmaterial.h">
      <Filter>Header Files</Filter>
    </ClInclude>
    <ClInclude Include="src\scene\lights\pointlight.h">
      <Filter>Header Files</Filter>
    </ClInclude>
    <ClInclude Include="src\scene\geometry\primitive.h">
      <Filter>Header Files</Filter>
    </ClInclude>
    <ClInclude Include="src\raytracing\ray.h">
      <Filter>Header Files</Filter>
    </ClInclude>
    <ClInclude Include="src\samplers\sampler.h">
      <Filter>Header Files</Filter>
    </ClInclude>
    <ClInclude Include="src\scene\scene.h">
      <Filter>Header Files</Filter>
    </ClInclude>
    <ClInclude Include="src\openGL\shaderprogram.h">
      <Filter>Header Files</Filter>
    </ClInclude>
    <ClInclude Include="src\scene\geometry\shape.h">
      <Filter>Header Files</Filter>
    </ClInclude>
    <ClInclude Include="src\scene\materials\specularbrdf.h">
      <Filter>Header Files</Filter>
    </ClInclude>
    <ClInclude Include="src\scene\materials\specularbtdf.h">
      <Filter>Header Files</Filter>
    </ClInclude>
    <ClInclude Include="src\scene\geometry\sphere.h">
      <Filter>Header Files</Filter>
    </ClInclude>
    <ClInclude Include="src\scene\lights\spotlight.h">
      <Filter>Header Files</Filter>
    </ClInclude>
    <ClInclude Include="src\scene\geometry\squareplane.h">
      <Filter>Header Files</Filter>
    </ClInclude>
    <ClInclude Include="src\scene\materials\subsurface.h">
      <Filter>Header Files</Filter>
    </ClInclude>
    <ClInclude Include="src\tinyobj\tiny_obj_loader.h">
      <Filter>Header Files</Filter>
    </ClInclude>
    <ClInclude Include="src\scene\transform.h">
      <Filter>Header Files</Filter>
    </ClInclude>
    <ClInclude Include="src\scene\materials\transmissivematerial.h">
      <Filter>Header Files</Filter>
    </ClInclude>
    <ClInclude Include="src\integrators\volumetricintegrator.h">
      <Filter>Header Files</Filter>
    </ClInclude>
    <ClInclude Include="src\warpfunctions.h">
      <Filter>Header Files</Filter>
    </ClInclude>
  </ItemGroup>
  <ItemGroup>
    
    
    
    
    
    
    
    
    <CustomBuild Include="debug\moc_predefs.h.cbt">
      <Filter>Generated Files</Filter>
    </CustomBuild>
    <CustomBuild Include="release\moc_predefs.h.cbt">
      <Filter>Generated Files</Filter>
    </CustomBuild>
    
    
    
    
    
    
  </ItemGroup>
  <ItemGroup>
    <QtUic Include="forms\cameracontrolshelp.ui">
      <Filter>Form Files</Filter>
    </QtUic>
    <QtUic Include="forms\mainwindow.ui">
      <Filter>Form Files</Filter>
    </QtUic>
  </ItemGroup>
  <ItemGroup>
    <None Include="include\complete.wav">
      <Filter>Resource Files</Filter>
    </None>
    <None Include="glsl\flat.frag.glsl">
      <Filter>Resource Files</Filter>
    </None>
    <None Include="glsl\flat.vert.glsl">
      <Filter>Resource Files</Filter>
    </None>
    <QtRcc Include="glsl.qrc">
      <Filter>Resource Files</Filter>
    </QtRcc>
    <None Include="glsl\lambert.frag.glsl">
      <Filter>Resource Files</Filter>
    </None>
    <None Include="glsl\lambert.vert.glsl">
      <Filter>Resource Files</Filter>
    </None>
    <None Include="glsl\renderview.frag.glsl">
      <Filter>Resource Files</Filter>
    </None>
    <None Include="glsl\renderview.vert.glsl">
      <Filter>Resource Files</Filter>
    </None>
    <QtRcc Include="sfx.qrc">
      <Filter>Resource Files</Filter>
    </QtRcc>
  </ItemGroup>
</Project>